
Microsoft Visual Studio Solution File, Format Version 12.00
# Visual Studio 15
VisualStudioVersion = 15.0.26228.4
MinimumVisualStudioVersion = 10.0.40219.1
Project("{FAE04EC0-301F-11D3-BF4B-00C04F79EFBC}") = "Systems.Appollo.Shoes.DB", "Systems.Appollo.Shooes.DB\Systems.Appollo.Shoes.DB.csproj", "{5A683B71-B9B1-43F2-9FE4-928F0BBE51E1}"
EndProject
Project("{FAE04EC0-301F-11D3-BF4B-00C04F79EFBC}") = "Systems.Appollo.Shoes.Data", "Systems.Appollo.Shoes.Data\Systems.Appollo.Shoes.Data.csproj", "{E730F8A7-A880-4140-9AA2-5F80C58005DF}"
EndProject
Project("{FAE04EC0-301F-11D3-BF4B-00C04F79EFBC}") = "Systems.Appollo.Shoes.Client.WinForm", "Systems.Appollo.Shoes.Client.WinForm\Systems.Appollo.Shoes.Client.WinForm.csproj", "{BEB96F9B-6824-4400-8C3D-8F466D36684F}"
EndProject
Global
	GlobalSection(SolutionConfigurationPlatforms) = preSolution
		Debug|Any CPU = Debug|Any CPU
		Release|Any CPU = Release|Any CPU
	EndGlobalSection
	GlobalSection(ProjectConfigurationPlatforms) = postSolution
		{5A683B71-B9B1-43F2-9FE4-928F0BBE51E1}.Debug|Any CPU.ActiveCfg = Debug|Any CPU
		{5A683B71-B9B1-43F2-9FE4-928F0BBE51E1}.Debug|Any CPU.Build.0 = Debug|Any CPU
		{5A683B71-B9B1-43F2-9FE4-928F0BBE51E1}.Release|Any CPU.ActiveCfg = Release|Any CPU
		{5A683B71-B9B1-43F2-9FE4-928F0BBE51E1}.Release|Any CPU.Build.0 = Release|Any CPU
		{E730F8A7-A880-4140-9AA2-5F80C58005DF}.Debug|Any CPU.ActiveCfg = Debug|Any CPU
		{E730F8A7-A880-4140-9AA2-5F80C58005DF}.Debug|Any CPU.Build.0 = Debug|Any CPU
		{E730F8A7-A880-4140-9AA2-5F80C58005DF}.Release|Any CPU.ActiveCfg = Release|Any CPU
		{E730F8A7-A880-4140-9AA2-5F80C58005DF}.Release|Any CPU.Build.0 = Release|Any CPU
		{BEB96F9B-6824-4400-8C3D-8F466D36684F}.Debug|Any CPU.ActiveCfg = Debug|Any CPU
		{BEB96F9B-6824-4400-8C3D-8F466D36684F}.Debug|Any CPU.Build.0 = Debug|Any CPU
		{BEB96F9B-6824-4400-8C3D-8F466D36684F}.Release|Any CPU.ActiveCfg = Release|Any CPU
		{BEB96F9B-6824-4400-8C3D-8F466D36684F}.Release|Any CPU.Build.0 = Release|Any CPU
	EndGlobalSection
	GlobalSection(SolutionProperties) = preSolution
		HideSolutionNode = FALSE
	EndGlobalSection
EndGlobal
